
Microsoft Visual Studio Solution File, Format Version 12.00
# Visual Studio Version 17
VisualStudioVersion = 17.3.32825.248
MinimumVisualStudioVersion = 10.0.40219.1
Project("{FAE04EC0-301F-11D3-BF4B-00C04F79EFBC}") = "Test_6", "Test_6\Test_6.csproj", "{9BC29D32-3B49-4D3A-82A0-96ABCC47920D}"
EndProject
Global
	GlobalSection(SolutionConfigurationPlatforms) = preSolution
		Debug|Any CPU = Debug|Any CPU
		Release|Any CPU = Release|Any CPU
	EndGlobalSection
	GlobalSection(ProjectConfigurationPlatforms) = postSolution
		{9BC29D32-3B49-4D3A-82A0-96ABCC47920D}.Debug|Any CPU.ActiveCfg = Debug|Any CPU
		{9BC29D32-3B49-4D3A-82A0-96ABCC47920D}.Debug|Any CPU.Build.0 = Debug|Any CPU
		{9BC29D32-3B49-4D3A-82A0-96ABCC47920D}.Release|Any CPU.ActiveCfg = Release|Any CPU
		{9BC29D32-3B49-4D3A-82A0-96ABCC47920D}.Release|Any CPU.Build.0 = Release|Any CPU
	EndGlobalSection
	GlobalSection(SolutionProperties) = preSolution
		HideSolutionNode = FALSE
	EndGlobalSection
	GlobalSection(ExtensibilityGlobals) = postSolution
		SolutionGuid = {05696242-9DF8-4EE2-87A6-748F15ACC804}
	EndGlobalSection
EndGlobal
